
Microsoft Visual Studio Solution File, Format Version 12.00
# Visual Studio Version 17
VisualStudioVersion = 17.0.31903.59
MinimumVisualStudioVersion = 10.0.40219.1
Project("{FAE04EC0-301F-11D3-BF4B-00C04F79EFBC}") = "yas hesaplama", "yas hesaplama.csproj", "{9DD95A09-B331-4B2D-A24C-8D97AEB67318}"
EndProject
Global
	GlobalSection(SolutionConfigurationPlatforms) = preSolution
		Debug|Any CPU = Debug|Any CPU
		Release|Any CPU = Release|Any CPU
	EndGlobalSection
	GlobalSection(ProjectConfigurationPlatforms) = postSolution
		{9DD95A09-B331-4B2D-A24C-8D97AEB67318}.Debug|Any CPU.ActiveCfg = Debug|Any CPU
		{9DD95A09-B331-4B2D-A24C-8D97AEB67318}.Debug|Any CPU.Build.0 = Debug|Any CPU
		{9DD95A09-B331-4B2D-A24C-8D97AEB67318}.Release|Any CPU.ActiveCfg = Release|Any CPU
		{9DD95A09-B331-4B2D-A24C-8D97AEB67318}.Release|Any CPU.Build.0 = Release|Any CPU
	EndGlobalSection
	GlobalSection(SolutionProperties) = preSolution
		HideSolutionNode = FALSE
	EndGlobalSection
	GlobalSection(ExtensibilityGlobals) = postSolution
		SolutionGuid = {CEC21EB9-DD97-45E9-94D9-46842F92988A}
	EndGlobalSection
EndGlobal
